
Microsoft Visual Studio Solution File, Format Version 12.00
# Visual Studio Version 17
VisualStudioVersion = 17.5.33516.290
MinimumVisualStudioVersion = 10.0.40219.1
Project("{FAE04EC0-301F-11D3-BF4B-00C04F79EFBC}") = "ReversedPolishNotation", "ReversedPolishNotation\ReversedPolishNotation.csproj", "{F319C93D-35FF-48D4-8630-88D1B43990F4}"
EndProject
Global
	GlobalSection(SolutionConfigurationPlatforms) = preSolution
		Debug|Any CPU = Debug|Any CPU
		Release|Any CPU = Release|Any CPU
	EndGlobalSection
	GlobalSection(ProjectConfigurationPlatforms) = postSolution
		{F319C93D-35FF-48D4-8630-88D1B43990F4}.Debug|Any CPU.ActiveCfg = Debug|Any CPU
		{F319C93D-35FF-48D4-8630-88D1B43990F4}.Debug|Any CPU.Build.0 = Debug|Any CPU
		{F319C93D-35FF-48D4-8630-88D1B43990F4}.Release|Any CPU.ActiveCfg = Release|Any CPU
		{F319C93D-35FF-48D4-8630-88D1B43990F4}.Release|Any CPU.Build.0 = Release|Any CPU
	EndGlobalSection
	GlobalSection(SolutionProperties) = preSolution
		HideSolutionNode = FALSE
	EndGlobalSection
	GlobalSection(ExtensibilityGlobals) = postSolution
		SolutionGuid = {7C7552CD-67D8-48A3-9586-10856CA79B32}
	EndGlobalSection
EndGlobal
